Microsoft Visual Studio Solution File, Format Version 12.00
# Visual Studio Version 17
VisualStudioVersion = 17.5.2.0
MinimumVisualStudioVersion = 10.0.40219.1
Project("{FAE04EC0-301F-11D3-BF4B-00C04F79EFBC}") = "MinsToHours", "MinsToHours.csproj", "{42CD81D6-E07C-AF12-086E-FFB65869B6C1}"
EndProject
Global
	GlobalSection(SolutionConfigurationPlatforms) = preSolution
		Debug|Any CPU = Debug|Any CPU
		Release|Any CPU = Release|Any CPU
	EndGlobalSection
	GlobalSection(ProjectConfigurationPlatforms) = postSolution
		{42CD81D6-E07C-AF12-086E-FFB65869B6C1}.Debug|Any CPU.ActiveCfg = Debug|Any CPU
		{42CD81D6-E07C-AF12-086E-FFB65869B6C1}.Debug|Any CPU.Build.0 = Debug|Any CPU
		{42CD81D6-E07C-AF12-086E-FFB65869B6C1}.Release|Any CPU.ActiveCfg = Release|Any CPU
		{42CD81D6-E07C-AF12-086E-FFB65869B6C1}.Release|Any CPU.Build.0 = Release|Any CPU
	EndGlobalSection
	GlobalSection(SolutionProperties) = preSolution
		HideSolutionNode = FALSE
	EndGlobalSection
	GlobalSection(ExtensibilityGlobals) = postSolution
		SolutionGuid = {231FABEB-361F-400D-B283-F5A3A144BE08}
	EndGlobalSection
EndGlobal
